
Microsoft Visual Studio Solution File, Format Version 12.00
# Visual Studio Version 17
VisualStudioVersion = 17.0.31919.166
MinimumVisualStudioVersion = 10.0.40219.1
Project("{FAE04EC0-301F-11D3-BF4B-00C04F79EFBC}") = "ConsoleApp2-GitHub", "ConsoleApp2-GitHub\ConsoleApp2-GitHub.csproj", "{AA46BB32-951C-48F1-8CE4-134F9444679C}"
EndProject
Global
	GlobalSection(SolutionConfigurationPlatforms) = preSolution
		Debug|Any CPU = Debug|Any CPU
		Release|Any CPU = Release|Any CPU
	EndGlobalSection
	GlobalSection(ProjectConfigurationPlatforms) = postSolution
		{AA46BB32-951C-48F1-8CE4-134F9444679C}.Debug|Any CPU.ActiveCfg = Debug|Any CPU
		{AA46BB32-951C-48F1-8CE4-134F9444679C}.Debug|Any CPU.Build.0 = Debug|Any CPU
		{AA46BB32-951C-48F1-8CE4-134F9444679C}.Release|Any CPU.ActiveCfg = Release|Any CPU
		{AA46BB32-951C-48F1-8CE4-134F9444679C}.Release|Any CPU.Build.0 = Release|Any CPU
	EndGlobalSection
	GlobalSection(SolutionProperties) = preSolution
		HideSolutionNode = FALSE
	EndGlobalSection
	GlobalSection(ExtensibilityGlobals) = postSolution
		SolutionGuid = {AE51E6EC-7727-4898-92D9-5A4E990E067F}
	EndGlobalSection
EndGlobal
